
Microsoft Visual Studio Solution File, Format Version 12.00
# Visual Studio 15
VisualStudioVersion = 15.0.27130.2026
MinimumVisualStudioVersion = 10.0.40219.1
Project("{FAE04EC0-301F-11D3-BF4B-00C04F79EFBC}") = "ImageCompress", "ImageCompress\ImageCompress.csproj", "{9437D2F2-646E-4F66-8837-3702796D9FE4}"
EndProject
Global
	GlobalSection(SolutionConfigurationPlatforms) = preSolution
		Debug|Any CPU = Debug|Any CPU
		Release|Any CPU = Release|Any CPU
	EndGlobalSection
	GlobalSection(ProjectConfigurationPlatforms) = postSolution
		{9437D2F2-646E-4F66-8837-3702796D9FE4}.Debug|Any CPU.ActiveCfg = Debug|Any CPU
		{9437D2F2-646E-4F66-8837-3702796D9FE4}.Debug|Any CPU.Build.0 = Debug|Any CPU
		{9437D2F2-646E-4F66-8837-3702796D9FE4}.Release|Any CPU.ActiveCfg = Release|Any CPU
		{9437D2F2-646E-4F66-8837-3702796D9FE4}.Release|Any CPU.Build.0 = Release|Any CPU
	EndGlobalSection
	GlobalSection(SolutionProperties) = preSolution
		HideSolutionNode = FALSE
	EndGlobalSection
	GlobalSection(ExtensibilityGlobals) = postSolution
		SolutionGuid = {5CCC4F68-DC5E-493E-96E9-B21F3D9E34BF}
	EndGlobalSection
EndGlobal
